
Microsoft Visual Studio Solution File, Format Version 12.00
# Visual Studio Version 17
VisualStudioVersion = 17.11.35222.181
MinimumVisualStudioVersion = 10.0.40219.1
Project("{9A19103F-16F7-4668-BE54-9A1E7A4F7556}") = "MLTest", "MLTest\MLTest.csproj", "{20FD52A5-47C1-4F6D-821C-2AB0E8D4F87C}"
EndProject
Project("{FAE04EC0-301F-11D3-BF4B-00C04F79EFBC}") = "Lab1.Regression", "Lab1.Regression\Lab1.Regression.csproj", "{7A2EFA37-A771-4B02-BAEB-8E15417BC1B3}"
EndProject
Project("{FAE04EC0-301F-11D3-BF4B-00C04F79EFBC}") = "Lab1.Regression.API", "Lab1.Regression.API\Lab1.Regression.API.csproj", "{3B6F0FAA-4452-40DA-98C6-A57BD5D57B64}"
EndProject
Global
	GlobalSection(SolutionConfigurationPlatforms) = preSolution
		Debug|Any CPU = Debug|Any CPU
		Release|Any CPU = Release|Any CPU
	EndGlobalSection
	GlobalSection(ProjectConfigurationPlatforms) = postSolution
		{20FD52A5-47C1-4F6D-821C-2AB0E8D4F87C}.Debug|Any CPU.ActiveCfg = Debug|Any CPU
		{20FD52A5-47C1-4F6D-821C-2AB0E8D4F87C}.Debug|Any CPU.Build.0 = Debug|Any CPU
		{20FD52A5-47C1-4F6D-821C-2AB0E8D4F87C}.Release|Any CPU.ActiveCfg = Release|Any CPU
		{20FD52A5-47C1-4F6D-821C-2AB0E8D4F87C}.Release|Any CPU.Build.0 = Release|Any CPU
		{7A2EFA37-A771-4B02-BAEB-8E15417BC1B3}.Debug|Any CPU.ActiveCfg = Debug|Any CPU
		{7A2EFA37-A771-4B02-BAEB-8E15417BC1B3}.Debug|Any CPU.Build.0 = Debug|Any CPU
		{7A2EFA37-A771-4B02-BAEB-8E15417BC1B3}.Release|Any CPU.ActiveCfg = Release|Any CPU
		{7A2EFA37-A771-4B02-BAEB-8E15417BC1B3}.Release|Any CPU.Build.0 = Release|Any CPU
		{3B6F0FAA-4452-40DA-98C6-A57BD5D57B64}.Debug|Any CPU.ActiveCfg = Debug|Any CPU
		{3B6F0FAA-4452-40DA-98C6-A57BD5D57B64}.Debug|Any CPU.Build.0 = Debug|Any CPU
		{3B6F0FAA-4452-40DA-98C6-A57BD5D57B64}.Release|Any CPU.ActiveCfg = Release|Any CPU
		{3B6F0FAA-4452-40DA-98C6-A57BD5D57B64}.Release|Any CPU.Build.0 = Release|Any CPU
	EndGlobalSection
	GlobalSection(SolutionProperties) = preSolution
		HideSolutionNode = FALSE
	EndGlobalSection
	GlobalSection(ExtensibilityGlobals) = postSolution
		SolutionGuid = {82D0CDFE-1736-4C6F-A6FA-A8908FB0FCE8}
	EndGlobalSection
EndGlobal
